
Microsoft Visual Studio Solution File, Format Version 12.00
# Visual Studio Version 17
VisualStudioVersion = 17.4.33213.308
MinimumVisualStudioVersion = 10.0.40219.1
Project("{FAE04EC0-301F-11D3-BF4B-00C04F79EFBC}") = "Connectify", "Connectify.csproj", "{A437C65E-0F58-44A9-919A-29BA92DBB2BA}"
EndProject
Global
	GlobalSection(SolutionConfigurationPlatforms) = preSolution
		Debug|Any CPU = Debug|Any CPU
		Release|Any CPU = Release|Any CPU
	EndGlobalSection
	GlobalSection(ProjectConfigurationPlatforms) = postSolution
		{A437C65E-0F58-44A9-919A-29BA92DBB2BA}.Debug|Any CPU.ActiveCfg = Debug|Any CPU
		{A437C65E-0F58-44A9-919A-29BA92DBB2BA}.Debug|Any CPU.Build.0 = Debug|Any CPU
		{A437C65E-0F58-44A9-919A-29BA92DBB2BA}.Release|Any CPU.ActiveCfg = Release|Any CPU
		{A437C65E-0F58-44A9-919A-29BA92DBB2BA}.Release|Any CPU.Build.0 = Release|Any CPU
	EndGlobalSection
	GlobalSection(SolutionProperties) = preSolution
		HideSolutionNode = FALSE
	EndGlobalSection
	GlobalSection(ExtensibilityGlobals) = postSolution
		SolutionGuid = {B96D7365-E0D0-4F3F-BF7D-66B2BC04FEEF}
	EndGlobalSection
EndGlobal
